
Microsoft Visual Studio Solution File, Format Version 12.00
# Visual Studio Version 16
VisualStudioVersion = 16.0.30406.217
MinimumVisualStudioVersion = 10.0.40219.1
Project("{FAE04EC0-301F-11D3-BF4B-00C04F79EFBC}") = "3DSkypeServer", "3DSkypeServer\3DSkypeServer.csproj", "{8DFEA487-4DF6-40F9-98F0-EDC2FAC4CFCA}"
EndProject
Global
	GlobalSection(SolutionConfigurationPlatforms) = preSolution
		Debug|Any CPU = Debug|Any CPU
		Release|Any CPU = Release|Any CPU
	EndGlobalSection
	GlobalSection(ProjectConfigurationPlatforms) = postSolution
		{8DFEA487-4DF6-40F9-98F0-EDC2FAC4CFCA}.Debug|Any CPU.ActiveCfg = Debug|Any CPU
		{8DFEA487-4DF6-40F9-98F0-EDC2FAC4CFCA}.Debug|Any CPU.Build.0 = Debug|Any CPU
		{8DFEA487-4DF6-40F9-98F0-EDC2FAC4CFCA}.Release|Any CPU.ActiveCfg = Release|Any CPU
		{8DFEA487-4DF6-40F9-98F0-EDC2FAC4CFCA}.Release|Any CPU.Build.0 = Release|Any CPU
	EndGlobalSection
	GlobalSection(SolutionProperties) = preSolution
		HideSolutionNode = FALSE
	EndGlobalSection
	GlobalSection(ExtensibilityGlobals) = postSolution
		SolutionGuid = {972DF274-2B5F-4A40-AF9F-F62249BDEA4C}
	EndGlobalSection
EndGlobal
